
Microsoft Visual Studio Solution File, Format Version 12.00
# Visual Studio 15
VisualStudioVersion = 15.0.28307.572
MinimumVisualStudioVersion = 10.0.40219.1
Project("{8BC9CEB8-8B4A-11D0-8D11-00A0C91BC942}") = "C6X8", "C6X8\C6X8.vcxproj", "{EC4CDFD2-BED4-4EA7-87B6-50CFAD0F8D3F}"
EndProject
Global
	GlobalSection(SolutionConfigurationPlatforms) = preSolution
		Debug|x64 = Debug|x64
		Debug|x86 = Debug|x86
		Release|x64 = Release|x64
		Release|x86 = Release|x86
	EndGlobalSection
	GlobalSection(ProjectConfigurationPlatforms) = postSolution
		{EC4CDFD2-BED4-4EA7-87B6-50CFAD0F8D3F}.Debug|x64.ActiveCfg = Debug|x64
		{EC4CDFD2-BED4-4EA7-87B6-50CFAD0F8D3F}.Debug|x64.Build.0 = Debug|x64
		{EC4CDFD2-BED4-4EA7-87B6-50CFAD0F8D3F}.Debug|x86.ActiveCfg = Debug|Win32
		{EC4CDFD2-BED4-4EA7-87B6-50CFAD0F8D3F}.Debug|x86.Build.0 = Debug|Win32
		{EC4CDFD2-BED4-4EA7-87B6-50CFAD0F8D3F}.Release|x64.ActiveCfg = Release|x64
		{EC4CDFD2-BED4-4EA7-87B6-50CFAD0F8D3F}.Release|x64.Build.0 = Release|x64
		{EC4CDFD2-BED4-4EA7-87B6-50CFAD0F8D3F}.Release|x86.ActiveCfg = Release|Win32
		{EC4CDFD2-BED4-4EA7-87B6-50CFAD0F8D3F}.Release|x86.Build.0 = Release|Win32
	EndGlobalSection
	GlobalSection(SolutionProperties) = preSolution
		HideSolutionNode = FALSE
	EndGlobalSection
	GlobalSection(ExtensibilityGlobals) = postSolution
		SolutionGuid = {A18A1281-1B12-4F66-873E-7F6BD5D76787}
	EndGlobalSection
EndGlobal
